# @generated by Move, please check-in and do not edit manually.

[move]
version = 3
manifest_digest = "F491D037A037CB23E1266FB194C0F534C088A7FFDD4B33E7679626F6D2A78B95"
deps_digest = "F8BBB0CCB2491CA29A3DF03D6F92277A4F3574266507ACD77214D37ECA3F3082"
dependencies = [
  { id = "Sui", name = "Sui" },
]

[[move.package]]
id = "MoveStdlib"
source = { git = "https://github.com/MystenLabs/sui.git", rev = "framework/mainnet", subdir = "crates\\sui-framework\\packages\\move-stdlib" }

[[move.package]]
id = "Sui"
source = { git = "https://github.com/MystenLabs/sui.git", rev = "framework/mainnet", subdir = "crates/sui-framework/packages/sui-framework" }

dependencies = [
  { id = "MoveStdlib", name = "MoveStdlib" },
]

[move.toolchain-version]
compiler-version = "1.52.2"
edition = "2024.beta"
flavor = "sui"

[env]

[env.testnet]
chain-id = "4c78adac"
original-published-id = "0x122b45c984dac0464f8cce8a1bd1f2e40327f4407b22ed332231b41d6fb24872"
latest-published-id = "0x122b45c984dac0464f8cce8a1bd1f2e40327f4407b22ed332231b41d6fb24872"
published-version = "1"
